
Microsoft Visual Studio Solution File, Format Version 11.00
# Visual Studio 2010
# SharpDevelop 5.1
Project("{FAE04EC0-301F-11D3-BF4B-00C04F79EFBC}") = "Ceramica", "Ceramica\Ceramica.csproj", "{65D9D6D1-CD34-4ECC-892E-FF6CC112551C}"
EndProject
Global
	GlobalSection(SolutionConfigurationPlatforms) = preSolution
		Debug|Any CPU = Debug|Any CPU
		Release|Any CPU = Release|Any CPU
	EndGlobalSection
	GlobalSection(ProjectConfigurationPlatforms) = postSolution
		{65D9D6D1-CD34-4ECC-892E-FF6CC112551C}.Debug|Any CPU.ActiveCfg = Debug|Any CPU
		{65D9D6D1-CD34-4ECC-892E-FF6CC112551C}.Debug|Any CPU.Build.0 = Debug|Any CPU
		{65D9D6D1-CD34-4ECC-892E-FF6CC112551C}.Release|Any CPU.ActiveCfg = Release|Any CPU
		{65D9D6D1-CD34-4ECC-892E-FF6CC112551C}.Release|Any CPU.Build.0 = Release|Any CPU
	EndGlobalSection
EndGlobal
