
Microsoft Visual Studio Solution File, Format Version 11.00
# Visual Studio 2010
# SharpDevelop 5.1
Project("{FAE04EC0-301F-11D3-BF4B-00C04F79EFBC}") = "atividade", "atividade\atividade.csproj", "{A9C218E7-08BF-4EDF-8653-15644A56AF09}"
EndProject
Global
	GlobalSection(SolutionConfigurationPlatforms) = preSolution
		Debug|Any CPU = Debug|Any CPU
		Release|Any CPU = Release|Any CPU
	EndGlobalSection
	GlobalSection(ProjectConfigurationPlatforms) = postSolution
		{A9C218E7-08BF-4EDF-8653-15644A56AF09}.Debug|Any CPU.ActiveCfg = Debug|Any CPU
		{A9C218E7-08BF-4EDF-8653-15644A56AF09}.Debug|Any CPU.Build.0 = Debug|Any CPU
		{A9C218E7-08BF-4EDF-8653-15644A56AF09}.Release|Any CPU.ActiveCfg = Release|Any CPU
		{A9C218E7-08BF-4EDF-8653-15644A56AF09}.Release|Any CPU.Build.0 = Release|Any CPU
	EndGlobalSection
EndGlobal
