
Microsoft Visual Studio Solution File, Format Version 12.00
# Visual Studio 2012
# SharpDevelop 5.1
VisualStudioVersion = 12.0.20827.3
MinimumVisualStudioVersion = 10.0.40219.1
Project("{FAE04EC0-301F-11D3-BF4B-00C04F79EFBC}") = "CadastroNotasAlunos", "CadastroNotasAlunos\CadastroNotasAlunos.csproj", "{A4B9CB93-9863-409E-B8E8-6C9F93417011}"
EndProject
Global
	GlobalSection(SolutionConfigurationPlatforms) = preSolution
		Debug|Any CPU = Debug|Any CPU
		Release|Any CPU = Release|Any CPU
	EndGlobalSection
	GlobalSection(ProjectConfigurationPlatforms) = postSolution
		{A4B9CB93-9863-409E-B8E8-6C9F93417011}.Debug|Any CPU.ActiveCfg = Debug|Any CPU
		{A4B9CB93-9863-409E-B8E8-6C9F93417011}.Debug|Any CPU.Build.0 = Debug|Any CPU
		{A4B9CB93-9863-409E-B8E8-6C9F93417011}.Release|Any CPU.ActiveCfg = Release|Any CPU
		{A4B9CB93-9863-409E-B8E8-6C9F93417011}.Release|Any CPU.Build.0 = Release|Any CPU
	EndGlobalSection
EndGlobal
