
Microsoft Visual Studio Solution File, Format Version 11.00
# Visual Studio 2010
# SharpDevelop 5.1
Project("{FAE04EC0-301F-11D3-BF4B-00C04F79EFBC}") = "nomeDoProjetinho", "nomeDoProjetinho\nomeDoProjetinho.csproj", "{EEB8F7D3-948A-4E0E-9A0C-873B748493E8}"
EndProject
Global
	GlobalSection(SolutionConfigurationPlatforms) = preSolution
		Debug|Any CPU = Debug|Any CPU
		Release|Any CPU = Release|Any CPU
	EndGlobalSection
	GlobalSection(ProjectConfigurationPlatforms) = postSolution
		{EEB8F7D3-948A-4E0E-9A0C-873B748493E8}.Debug|Any CPU.ActiveCfg = Debug|Any CPU
		{EEB8F7D3-948A-4E0E-9A0C-873B748493E8}.Debug|Any CPU.Build.0 = Debug|Any CPU
		{EEB8F7D3-948A-4E0E-9A0C-873B748493E8}.Release|Any CPU.ActiveCfg = Release|Any CPU
		{EEB8F7D3-948A-4E0E-9A0C-873B748493E8}.Release|Any CPU.Build.0 = Release|Any CPU
	EndGlobalSection
EndGlobal
