
Microsoft Visual Studio Solution File, Format Version 12.00
# Visual Studio 2012
# SharpDevelop 5.1
VisualStudioVersion = 12.0.20827.3
MinimumVisualStudioVersion = 10.0.40219.1
Project("{FAE04EC0-301F-11D3-BF4B-00C04F79EFBC}") = "Aplicacao", "Aplicacao\Aplicacao.csproj", "{FE71E728-1095-416C-AB98-A8A6C60FC13E}"
EndProject
Global
	GlobalSection(SolutionConfigurationPlatforms) = preSolution
		Debug|Any CPU = Debug|Any CPU
		Release|Any CPU = Release|Any CPU
	EndGlobalSection
	GlobalSection(ProjectConfigurationPlatforms) = postSolution
		{FE71E728-1095-416C-AB98-A8A6C60FC13E}.Debug|Any CPU.ActiveCfg = Debug|Any CPU
		{FE71E728-1095-416C-AB98-A8A6C60FC13E}.Debug|Any CPU.Build.0 = Debug|Any CPU
		{FE71E728-1095-416C-AB98-A8A6C60FC13E}.Release|Any CPU.ActiveCfg = Release|Any CPU
		{FE71E728-1095-416C-AB98-A8A6C60FC13E}.Release|Any CPU.Build.0 = Release|Any CPU
	EndGlobalSection
EndGlobal
