
Microsoft Visual Studio Solution File, Format Version 11.00
# Visual Studio 2010
# SharpDevelop 5.1
Project("{FAE04EC0-301F-11D3-BF4B-00C04F79EFBC}") = "receitas-da-vovó", "receitas-da-vovó\receitas-da-vovó.csproj", "{52368E33-189F-4EB3-9883-B90850D6CE01}"
EndProject
Global
	GlobalSection(SolutionConfigurationPlatforms) = preSolution
		Debug|Any CPU = Debug|Any CPU
		Release|Any CPU = Release|Any CPU
	EndGlobalSection
	GlobalSection(ProjectConfigurationPlatforms) = postSolution
		{52368E33-189F-4EB3-9883-B90850D6CE01}.Debug|Any CPU.ActiveCfg = Debug|Any CPU
		{52368E33-189F-4EB3-9883-B90850D6CE01}.Debug|Any CPU.Build.0 = Debug|Any CPU
		{52368E33-189F-4EB3-9883-B90850D6CE01}.Release|Any CPU.ActiveCfg = Release|Any CPU
		{52368E33-189F-4EB3-9883-B90850D6CE01}.Release|Any CPU.Build.0 = Release|Any CPU
	EndGlobalSection
EndGlobal
